{
  "requires": true,
  "lockfileVersion": 1,
  "dependencies": {
    "casperjs": {
      "version": "1.1.4",
      "resolved": "https://registry.npmjs.org/casperjs/-/casperjs-1.1.4.tgz",
      "integrity": "sha512-0THjMp6Ku+tev5FydCqqILI0wz0/1Fbp6YHCvMbeu0z4OlrgXUS6+jba2ia38uNgKwJGMXGuazEvQQ3OwXLI0g=="
    }
  }
}
